
Microsoft Visual Studio Solution File, Format Version 12.00
# Visual Studio 15
VisualStudioVersion = 15.0.27428.2037
MinimumVisualStudioVersion = 10.0.40219.1
Project("{FAE04EC0-301F-11D3-BF4B-00C04F79EFBC}") = "TestLinkedList", "TestLinkedList\TestLinkedList.csproj", "{AF184370-C064-40A8-B9F3-6C376ADEB196}"
EndProject
Global
	GlobalSection(SolutionConfigurationPlatforms) = preSolution
		Debug|Any CPU = Debug|Any CPU
		Release|Any CPU = Release|Any CPU
	EndGlobalSection
	GlobalSection(ProjectConfigurationPlatforms) = postSolution
		{AF184370-C064-40A8-B9F3-6C376ADEB196}.Debug|Any CPU.ActiveCfg = Debug|Any CPU
		{AF184370-C064-40A8-B9F3-6C376ADEB196}.Debug|Any CPU.Build.0 = Debug|Any CPU
		{AF184370-C064-40A8-B9F3-6C376ADEB196}.Release|Any CPU.ActiveCfg = Release|Any CPU
		{AF184370-C064-40A8-B9F3-6C376ADEB196}.Release|Any CPU.Build.0 = Release|Any CPU
	EndGlobalSection
	GlobalSection(SolutionProperties) = preSolution
		HideSolutionNode = FALSE
	EndGlobalSection
	GlobalSection(ExtensibilityGlobals) = postSolution
		SolutionGuid = {64C19967-32CE-4E46-9538-F7944C6E3728}
	EndGlobalSection
EndGlobal
